
Microsoft Visual Studio Solution File, Format Version 12.00
# Visual Studio Version 17
VisualStudioVersion = 17.4.33205.214
MinimumVisualStudioVersion = 10.0.40219.1
Project("{FAE04EC0-301F-11D3-BF4B-00C04F79EFBC}") = "Sa01.Aplicacao4", "Sa01.Aplicacao4\Sa01.Aplicacao4.csproj", "{B1B987D3-E05D-4025-A3BD-4AB3A8C54986}"
EndProject
Global
	GlobalSection(SolutionConfigurationPlatforms) = preSolution
		Debug|Any CPU = Debug|Any CPU
		Release|Any CPU = Release|Any CPU
	EndGlobalSection
	GlobalSection(ProjectConfigurationPlatforms) = postSolution
		{B1B987D3-E05D-4025-A3BD-4AB3A8C54986}.Debug|Any CPU.ActiveCfg = Debug|Any CPU
		{B1B987D3-E05D-4025-A3BD-4AB3A8C54986}.Debug|Any CPU.Build.0 = Debug|Any CPU
		{B1B987D3-E05D-4025-A3BD-4AB3A8C54986}.Release|Any CPU.ActiveCfg = Release|Any CPU
		{B1B987D3-E05D-4025-A3BD-4AB3A8C54986}.Release|Any CPU.Build.0 = Release|Any CPU
	EndGlobalSection
	GlobalSection(SolutionProperties) = preSolution
		HideSolutionNode = FALSE
	EndGlobalSection
	GlobalSection(ExtensibilityGlobals) = postSolution
		SolutionGuid = {6E607F34-AA7D-4CAE-B200-01DD31542143}
	EndGlobalSection
EndGlobal
